
Microsoft Visual Studio Solution File, Format Version 12.00
# Visual Studio Version 17
VisualStudioVersion = 17.1.32421.90
MinimumVisualStudioVersion = 10.0.40219.1
Project("{9A19103F-16F7-4668-BE54-9A1E7A4F7556}") = "Inheritance", "Inheritance\Inheritance.csproj", "{6A17F3B3-F97E-45C8-84D2-15F5AE3D9CA8}"
EndProject
Project("{9A19103F-16F7-4668-BE54-9A1E7A4F7556}") = "Inheritance2", "Inheritance2\Inheritance2.csproj", "{8311A59B-3942-4234-9419-D212D81D0ED1}"
EndProject
Project("{9A19103F-16F7-4668-BE54-9A1E7A4F7556}") = "Inheritance3", "Inheritance3\Inheritance3.csproj", "{808A7BB2-BF1A-4554-82E8-9165BC168101}"
EndProject
Project("{9A19103F-16F7-4668-BE54-9A1E7A4F7556}") = "Inheritance4", "Inheritance4\Inheritance4.csproj", "{B68545DD-EEC6-4ECA-A262-E4636008165C}"
EndProject
Project("{9A19103F-16F7-4668-BE54-9A1E7A4F7556}") = "Inheritance5", "Inheritance5\Inheritance5.csproj", "{EA568126-48B0-4D44-B222-EB62AFF5039F}"
EndProject
Project("{9A19103F-16F7-4668-BE54-9A1E7A4F7556}") = "AbstractClass", "AbstractClass\AbstractClass.csproj", "{0AD1572B-1DEC-4703-A22F-8D026F04B179}"
EndProject
Project("{9A19103F-16F7-4668-BE54-9A1E7A4F7556}") = "AbstracMethod", "AbstracMethod\AbstracMethod.csproj", "{BAAF1BA6-342B-40C4-9D9D-34B8B156AB21}"
EndProject
Project("{FAE04EC0-301F-11D3-BF4B-00C04F79EFBC}") = "Assignment1", "Assignment1\Assignment1.csproj", "{668FFF8F-1745-4DEF-AA98-FE97CEA51EAC}"
EndProject
Global
	GlobalSection(SolutionConfigurationPlatforms) = preSolution
		Debug|Any CPU = Debug|Any CPU
		Release|Any CPU = Release|Any CPU
	EndGlobalSection
	GlobalSection(ProjectConfigurationPlatforms) = postSolution
		{6A17F3B3-F97E-45C8-84D2-15F5AE3D9CA8}.Debug|Any CPU.ActiveCfg = Debug|Any CPU
		{6A17F3B3-F97E-45C8-84D2-15F5AE3D9CA8}.Debug|Any CPU.Build.0 = Debug|Any CPU
		{6A17F3B3-F97E-45C8-84D2-15F5AE3D9CA8}.Release|Any CPU.ActiveCfg = Release|Any CPU
		{6A17F3B3-F97E-45C8-84D2-15F5AE3D9CA8}.Release|Any CPU.Build.0 = Release|Any CPU
		{8311A59B-3942-4234-9419-D212D81D0ED1}.Debug|Any CPU.ActiveCfg = Debug|Any CPU
		{8311A59B-3942-4234-9419-D212D81D0ED1}.Debug|Any CPU.Build.0 = Debug|Any CPU
		{8311A59B-3942-4234-9419-D212D81D0ED1}.Release|Any CPU.ActiveCfg = Release|Any CPU
		{8311A59B-3942-4234-9419-D212D81D0ED1}.Release|Any CPU.Build.0 = Release|Any CPU
		{808A7BB2-BF1A-4554-82E8-9165BC168101}.Debug|Any CPU.ActiveCfg = Debug|Any CPU
		{808A7BB2-BF1A-4554-82E8-9165BC168101}.Debug|Any CPU.Build.0 = Debug|Any CPU
		{808A7BB2-BF1A-4554-82E8-9165BC168101}.Release|Any CPU.ActiveCfg = Release|Any CPU
		{808A7BB2-BF1A-4554-82E8-9165BC168101}.Release|Any CPU.Build.0 = Release|Any CPU
		{B68545DD-EEC6-4ECA-A262-E4636008165C}.Debug|Any CPU.ActiveCfg = Debug|Any CPU
		{B68545DD-EEC6-4ECA-A262-E4636008165C}.Debug|Any CPU.Build.0 = Debug|Any CPU
		{B68545DD-EEC6-4ECA-A262-E4636008165C}.Release|Any CPU.ActiveCfg = Release|Any CPU
		{B68545DD-EEC6-4ECA-A262-E4636008165C}.Release|Any CPU.Build.0 = Release|Any CPU
		{EA568126-48B0-4D44-B222-EB62AFF5039F}.Debug|Any CPU.ActiveCfg = Debug|Any CPU
		{EA568126-48B0-4D44-B222-EB62AFF5039F}.Debug|Any CPU.Build.0 = Debug|Any CPU
		{EA568126-48B0-4D44-B222-EB62AFF5039F}.Release|Any CPU.ActiveCfg = Release|Any CPU
		{EA568126-48B0-4D44-B222-EB62AFF5039F}.Release|Any CPU.Build.0 = Release|Any CPU
		{0AD1572B-1DEC-4703-A22F-8D026F04B179}.Debug|Any CPU.ActiveCfg = Debug|Any CPU
		{0AD1572B-1DEC-4703-A22F-8D026F04B179}.Debug|Any CPU.Build.0 = Debug|Any CPU
		{0AD1572B-1DEC-4703-A22F-8D026F04B179}.Release|Any CPU.ActiveCfg = Release|Any CPU
		{0AD1572B-1DEC-4703-A22F-8D026F04B179}.Release|Any CPU.Build.0 = Release|Any CPU
		{BAAF1BA6-342B-40C4-9D9D-34B8B156AB21}.Debug|Any CPU.ActiveCfg = Debug|Any CPU
		{BAAF1BA6-342B-40C4-9D9D-34B8B156AB21}.Debug|Any CPU.Build.0 = Debug|Any CPU
		{BAAF1BA6-342B-40C4-9D9D-34B8B156AB21}.Release|Any CPU.ActiveCfg = Release|Any CPU
		{BAAF1BA6-342B-40C4-9D9D-34B8B156AB21}.Release|Any CPU.Build.0 = Release|Any CPU
		{668FFF8F-1745-4DEF-AA98-FE97CEA51EAC}.Debug|Any CPU.ActiveCfg = Debug|Any CPU
		{668FFF8F-1745-4DEF-AA98-FE97CEA51EAC}.Debug|Any CPU.Build.0 = Debug|Any CPU
		{668FFF8F-1745-4DEF-AA98-FE97CEA51EAC}.Release|Any CPU.ActiveCfg = Release|Any CPU
		{668FFF8F-1745-4DEF-AA98-FE97CEA51EAC}.Release|Any CPU.Build.0 = Release|Any CPU
	EndGlobalSection
	GlobalSection(SolutionProperties) = preSolution
		HideSolutionNode = FALSE
	EndGlobalSection
	GlobalSection(ExtensibilityGlobals) = postSolution
		SolutionGuid = {950E12C0-708B-4718-B36A-BA58F873401C}
	EndGlobalSection
EndGlobal
