
Microsoft Visual Studio Solution File, Format Version 12.00
# Visual Studio Version 17
VisualStudioVersion = 17.1.32421.90
MinimumVisualStudioVersion = 10.0.40219.1
Project("{9A19103F-16F7-4668-BE54-9A1E7A4F7556}") = "lambda1", "lambda1\lambda1.csproj", "{33781AD8-4F80-4D37-9B29-053E084F6FA6}"
EndProject
Project("{9A19103F-16F7-4668-BE54-9A1E7A4F7556}") = "delegate1", "delegate1\delegate1.csproj", "{97766083-64B2-428D-A3C9-A394C01DF8E1}"
EndProject
Project("{9A19103F-16F7-4668-BE54-9A1E7A4F7556}") = "delegate2_multicast", "delegate2_multicast\delegate2_multicast.csproj", "{D78A20FB-C375-44AD-8DB2-1C78F41E503B}"
EndProject
Project("{9A19103F-16F7-4668-BE54-9A1E7A4F7556}") = "lambda2_predicate", "lambda2_predicat\lambda2_predicate.csproj", "{A388FE4D-F67B-4151-8629-D3DFDB50A227}"
EndProject
Project("{9A19103F-16F7-4668-BE54-9A1E7A4F7556}") = "lambda3_action", "lambda3_action\lambda3_action.csproj", "{EEFC7198-F7AE-4A32-A112-7CA9B7944AEA}"
EndProject
Project("{9A19103F-16F7-4668-BE54-9A1E7A4F7556}") = "lambda4_func", "lambda4_func\lambda4_func.csproj", "{BD568112-AFEB-4297-B132-7013E0CF43AC}"
EndProject
Project("{9A19103F-16F7-4668-BE54-9A1E7A4F7556}") = "Linq1", "Linq1\Linq1.csproj", "{C0467279-4E39-4008-8710-473424A56165}"
EndProject
Project("{9A19103F-16F7-4668-BE54-9A1E7A4F7556}") = "linq2", "linq2\linq2.csproj", "{D1305EEC-C7D3-402B-A2C9-FE565733EB77}"
EndProject
Project("{FAE04EC0-301F-11D3-BF4B-00C04F79EFBC}") = "linq3", "linq3\linq3.csproj", "{96D2A686-7B80-40C6-BCA3-48686DC32885}"
EndProject
Global
	GlobalSection(SolutionConfigurationPlatforms) = preSolution
		Debug|Any CPU = Debug|Any CPU
		Release|Any CPU = Release|Any CPU
	EndGlobalSection
	GlobalSection(ProjectConfigurationPlatforms) = postSolution
		{33781AD8-4F80-4D37-9B29-053E084F6FA6}.Debug|Any CPU.ActiveCfg = Debug|Any CPU
		{33781AD8-4F80-4D37-9B29-053E084F6FA6}.Debug|Any CPU.Build.0 = Debug|Any CPU
		{33781AD8-4F80-4D37-9B29-053E084F6FA6}.Release|Any CPU.ActiveCfg = Release|Any CPU
		{33781AD8-4F80-4D37-9B29-053E084F6FA6}.Release|Any CPU.Build.0 = Release|Any CPU
		{97766083-64B2-428D-A3C9-A394C01DF8E1}.Debug|Any CPU.ActiveCfg = Debug|Any CPU
		{97766083-64B2-428D-A3C9-A394C01DF8E1}.Debug|Any CPU.Build.0 = Debug|Any CPU
		{97766083-64B2-428D-A3C9-A394C01DF8E1}.Release|Any CPU.ActiveCfg = Release|Any CPU
		{97766083-64B2-428D-A3C9-A394C01DF8E1}.Release|Any CPU.Build.0 = Release|Any CPU
		{D78A20FB-C375-44AD-8DB2-1C78F41E503B}.Debug|Any CPU.ActiveCfg = Debug|Any CPU
		{D78A20FB-C375-44AD-8DB2-1C78F41E503B}.Debug|Any CPU.Build.0 = Debug|Any CPU
		{D78A20FB-C375-44AD-8DB2-1C78F41E503B}.Release|Any CPU.ActiveCfg = Release|Any CPU
		{D78A20FB-C375-44AD-8DB2-1C78F41E503B}.Release|Any CPU.Build.0 = Release|Any CPU
		{A388FE4D-F67B-4151-8629-D3DFDB50A227}.Debug|Any CPU.ActiveCfg = Debug|Any CPU
		{A388FE4D-F67B-4151-8629-D3DFDB50A227}.Debug|Any CPU.Build.0 = Debug|Any CPU
		{A388FE4D-F67B-4151-8629-D3DFDB50A227}.Release|Any CPU.ActiveCfg = Release|Any CPU
		{A388FE4D-F67B-4151-8629-D3DFDB50A227}.Release|Any CPU.Build.0 = Release|Any CPU
		{EEFC7198-F7AE-4A32-A112-7CA9B7944AEA}.Debug|Any CPU.ActiveCfg = Debug|Any CPU
		{EEFC7198-F7AE-4A32-A112-7CA9B7944AEA}.Debug|Any CPU.Build.0 = Debug|Any CPU
		{EEFC7198-F7AE-4A32-A112-7CA9B7944AEA}.Release|Any CPU.ActiveCfg = Release|Any CPU
		{EEFC7198-F7AE-4A32-A112-7CA9B7944AEA}.Release|Any CPU.Build.0 = Release|Any CPU
		{BD568112-AFEB-4297-B132-7013E0CF43AC}.Debug|Any CPU.ActiveCfg = Debug|Any CPU
		{BD568112-AFEB-4297-B132-7013E0CF43AC}.Debug|Any CPU.Build.0 = Debug|Any CPU
		{BD568112-AFEB-4297-B132-7013E0CF43AC}.Release|Any CPU.ActiveCfg = Release|Any CPU
		{BD568112-AFEB-4297-B132-7013E0CF43AC}.Release|Any CPU.Build.0 = Release|Any CPU
		{C0467279-4E39-4008-8710-473424A56165}.Debug|Any CPU.ActiveCfg = Debug|Any CPU
		{C0467279-4E39-4008-8710-473424A56165}.Debug|Any CPU.Build.0 = Debug|Any CPU
		{C0467279-4E39-4008-8710-473424A56165}.Release|Any CPU.ActiveCfg = Release|Any CPU
		{C0467279-4E39-4008-8710-473424A56165}.Release|Any CPU.Build.0 = Release|Any CPU
		{D1305EEC-C7D3-402B-A2C9-FE565733EB77}.Debug|Any CPU.ActiveCfg = Debug|Any CPU
		{D1305EEC-C7D3-402B-A2C9-FE565733EB77}.Debug|Any CPU.Build.0 = Debug|Any CPU
		{D1305EEC-C7D3-402B-A2C9-FE565733EB77}.Release|Any CPU.ActiveCfg = Release|Any CPU
		{D1305EEC-C7D3-402B-A2C9-FE565733EB77}.Release|Any CPU.Build.0 = Release|Any CPU
		{96D2A686-7B80-40C6-BCA3-48686DC32885}.Debug|Any CPU.ActiveCfg = Debug|Any CPU
		{96D2A686-7B80-40C6-BCA3-48686DC32885}.Debug|Any CPU.Build.0 = Debug|Any CPU
		{96D2A686-7B80-40C6-BCA3-48686DC32885}.Release|Any CPU.ActiveCfg = Release|Any CPU
		{96D2A686-7B80-40C6-BCA3-48686DC32885}.Release|Any CPU.Build.0 = Release|Any CPU
	EndGlobalSection
	GlobalSection(SolutionProperties) = preSolution
		HideSolutionNode = FALSE
	EndGlobalSection
	GlobalSection(ExtensibilityGlobals) = postSolution
		SolutionGuid = {E3E6EF26-A47F-4B85-9E66-861A305D6739}
	EndGlobalSection
EndGlobal
