
Microsoft Visual Studio Solution File, Format Version 12.00
# Visual Studio Version 17
VisualStudioVersion = 17.1.32421.90
MinimumVisualStudioVersion = 10.0.40219.1
Project("{9A19103F-16F7-4668-BE54-9A1E7A4F7556}") = "lambda1", "lambda1\lambda1.csproj", "{33781AD8-4F80-4D37-9B29-053E084F6FA6}"
EndProject
Project("{FAE04EC0-301F-11D3-BF4B-00C04F79EFBC}") = "delegate1", "delegate1\delegate1.csproj", "{97766083-64B2-428D-A3C9-A394C01DF8E1}"
EndProject
Project("{FAE04EC0-301F-11D3-BF4B-00C04F79EFBC}") = "delegate2_multicast", "delegate2_multicast\delegate2_multicast.csproj", "{D78A20FB-C375-44AD-8DB2-1C78F41E503B}"
EndProject
Global
	GlobalSection(SolutionConfigurationPlatforms) = preSolution
		Debug|Any CPU = Debug|Any CPU
		Release|Any CPU = Release|Any CPU
	EndGlobalSection
	GlobalSection(ProjectConfigurationPlatforms) = postSolution
		{33781AD8-4F80-4D37-9B29-053E084F6FA6}.Debug|Any CPU.ActiveCfg = Debug|Any CPU
		{33781AD8-4F80-4D37-9B29-053E084F6FA6}.Debug|Any CPU.Build.0 = Debug|Any CPU
		{33781AD8-4F80-4D37-9B29-053E084F6FA6}.Release|Any CPU.ActiveCfg = Release|Any CPU
		{33781AD8-4F80-4D37-9B29-053E084F6FA6}.Release|Any CPU.Build.0 = Release|Any CPU
		{97766083-64B2-428D-A3C9-A394C01DF8E1}.Debug|Any CPU.ActiveCfg = Debug|Any CPU
		{97766083-64B2-428D-A3C9-A394C01DF8E1}.Debug|Any CPU.Build.0 = Debug|Any CPU
		{97766083-64B2-428D-A3C9-A394C01DF8E1}.Release|Any CPU.ActiveCfg = Release|Any CPU
		{97766083-64B2-428D-A3C9-A394C01DF8E1}.Release|Any CPU.Build.0 = Release|Any CPU
		{D78A20FB-C375-44AD-8DB2-1C78F41E503B}.Debug|Any CPU.ActiveCfg = Debug|Any CPU
		{D78A20FB-C375-44AD-8DB2-1C78F41E503B}.Debug|Any CPU.Build.0 = Debug|Any CPU
		{D78A20FB-C375-44AD-8DB2-1C78F41E503B}.Release|Any CPU.ActiveCfg = Release|Any CPU
		{D78A20FB-C375-44AD-8DB2-1C78F41E503B}.Release|Any CPU.Build.0 = Release|Any CPU
	EndGlobalSection
	GlobalSection(SolutionProperties) = preSolution
		HideSolutionNode = FALSE
	EndGlobalSection
	GlobalSection(ExtensibilityGlobals) = postSolution
		SolutionGuid = {E3E6EF26-A47F-4B85-9E66-861A305D6739}
	EndGlobalSection
EndGlobal
