
Microsoft Visual Studio Solution File, Format Version 12.00
# Visual Studio Version 17
VisualStudioVersion = 17.1.32421.90
MinimumVisualStudioVersion = 10.0.40219.1
Project("{9A19103F-16F7-4668-BE54-9A1E7A4F7556}") = "Interface1", "Interface1\Interface1.csproj", "{603C282F-879D-4D97-96F4-8B6019603290}"
EndProject
Project("{9A19103F-16F7-4668-BE54-9A1E7A4F7556}") = "Assignment1", "Assignment1\Assignment1.csproj", "{9A4AC496-019D-4888-8854-963FBB4D1701}"
EndProject
Project("{FAE04EC0-301F-11D3-BF4B-00C04F79EFBC}") = "Interface2", "Interface2\Interface2.csproj", "{FE88FA0B-B5BB-4906-8086-5BA28444EB25}"
EndProject
Project("{FAE04EC0-301F-11D3-BF4B-00C04F79EFBC}") = "Interface3", "Interface3\Interface3.csproj", "{0807322C-6BE2-46D1-9C89-9C8C6D1F6DE5}"
EndProject
Global
	GlobalSection(SolutionConfigurationPlatforms) = preSolution
		Debug|Any CPU = Debug|Any CPU
		Release|Any CPU = Release|Any CPU
	EndGlobalSection
	GlobalSection(ProjectConfigurationPlatforms) = postSolution
		{603C282F-879D-4D97-96F4-8B6019603290}.Debug|Any CPU.ActiveCfg = Debug|Any CPU
		{603C282F-879D-4D97-96F4-8B6019603290}.Debug|Any CPU.Build.0 = Debug|Any CPU
		{603C282F-879D-4D97-96F4-8B6019603290}.Release|Any CPU.ActiveCfg = Release|Any CPU
		{603C282F-879D-4D97-96F4-8B6019603290}.Release|Any CPU.Build.0 = Release|Any CPU
		{9A4AC496-019D-4888-8854-963FBB4D1701}.Debug|Any CPU.ActiveCfg = Debug|Any CPU
		{9A4AC496-019D-4888-8854-963FBB4D1701}.Debug|Any CPU.Build.0 = Debug|Any CPU
		{9A4AC496-019D-4888-8854-963FBB4D1701}.Release|Any CPU.ActiveCfg = Release|Any CPU
		{9A4AC496-019D-4888-8854-963FBB4D1701}.Release|Any CPU.Build.0 = Release|Any CPU
		{FE88FA0B-B5BB-4906-8086-5BA28444EB25}.Debug|Any CPU.ActiveCfg = Debug|Any CPU
		{FE88FA0B-B5BB-4906-8086-5BA28444EB25}.Debug|Any CPU.Build.0 = Debug|Any CPU
		{FE88FA0B-B5BB-4906-8086-5BA28444EB25}.Release|Any CPU.ActiveCfg = Release|Any CPU
		{FE88FA0B-B5BB-4906-8086-5BA28444EB25}.Release|Any CPU.Build.0 = Release|Any CPU
		{0807322C-6BE2-46D1-9C89-9C8C6D1F6DE5}.Debug|Any CPU.ActiveCfg = Debug|Any CPU
		{0807322C-6BE2-46D1-9C89-9C8C6D1F6DE5}.Debug|Any CPU.Build.0 = Debug|Any CPU
		{0807322C-6BE2-46D1-9C89-9C8C6D1F6DE5}.Release|Any CPU.ActiveCfg = Release|Any CPU
		{0807322C-6BE2-46D1-9C89-9C8C6D1F6DE5}.Release|Any CPU.Build.0 = Release|Any CPU
	EndGlobalSection
	GlobalSection(SolutionProperties) = preSolution
		HideSolutionNode = FALSE
	EndGlobalSection
	GlobalSection(ExtensibilityGlobals) = postSolution
		SolutionGuid = {15DD4FB3-1666-41FF-94CB-F7CB8AF423E0}
	EndGlobalSection
EndGlobal
