
Microsoft Visual Studio Solution File, Format Version 12.00
# Visual Studio Version 17
VisualStudioVersion = 17.1.32421.90
MinimumVisualStudioVersion = 10.0.40219.1
Project("{9A19103F-16F7-4668-BE54-9A1E7A4F7556}") = "Generics1", "Generics1\Generics1.csproj", "{28F1F0BC-1AB3-4697-8AAD-074FBB1942A6}"
EndProject
Project("{9A19103F-16F7-4668-BE54-9A1E7A4F7556}") = "Generics2", "Generics2\Generics2.csproj", "{234D63DF-F97E-4C57-82EC-1424472DC9E6}"
EndProject
Project("{9A19103F-16F7-4668-BE54-9A1E7A4F7556}") = "HashCodeAndEquals1", "HashCodeAndEquals1\HashCodeAndEquals1.csproj", "{EF5D3A3D-993A-4F90-9B26-44C394095667}"
EndProject
Project("{9A19103F-16F7-4668-BE54-9A1E7A4F7556}") = "HashSetAndSortedSet1", "HashSetAndSortedSet1\HashSetAndSortedSet1.csproj", "{FA091779-9E7D-4D03-B728-9B518B5CE296}"
EndProject
Project("{9A19103F-16F7-4668-BE54-9A1E7A4F7556}") = "HashSetAndSortedSet2", "HashSetAndSortedSet2\HashSetAndSortedSet2.csproj", "{0E3AECB9-6872-41A6-A794-EE4AE163EF68}"
EndProject
Project("{9A19103F-16F7-4668-BE54-9A1E7A4F7556}") = "HashSetAndSortedSet3", "HashSetAndSortedSet3\HashSetAndSortedSet3.csproj", "{F8C76DB8-367E-48A4-8510-C311EB6CBB89}"
EndProject
Project("{FAE04EC0-301F-11D3-BF4B-00C04F79EFBC}") = "Sets1", "Sets1\Sets1.csproj", "{67EC0E07-A778-477A-A8B3-C1D23D37131B}"
EndProject
Global
	GlobalSection(SolutionConfigurationPlatforms) = preSolution
		Debug|Any CPU = Debug|Any CPU
		Release|Any CPU = Release|Any CPU
	EndGlobalSection
	GlobalSection(ProjectConfigurationPlatforms) = postSolution
		{28F1F0BC-1AB3-4697-8AAD-074FBB1942A6}.Debug|Any CPU.ActiveCfg = Debug|Any CPU
		{28F1F0BC-1AB3-4697-8AAD-074FBB1942A6}.Debug|Any CPU.Build.0 = Debug|Any CPU
		{28F1F0BC-1AB3-4697-8AAD-074FBB1942A6}.Release|Any CPU.ActiveCfg = Release|Any CPU
		{28F1F0BC-1AB3-4697-8AAD-074FBB1942A6}.Release|Any CPU.Build.0 = Release|Any CPU
		{234D63DF-F97E-4C57-82EC-1424472DC9E6}.Debug|Any CPU.ActiveCfg = Debug|Any CPU
		{234D63DF-F97E-4C57-82EC-1424472DC9E6}.Debug|Any CPU.Build.0 = Debug|Any CPU
		{234D63DF-F97E-4C57-82EC-1424472DC9E6}.Release|Any CPU.ActiveCfg = Release|Any CPU
		{234D63DF-F97E-4C57-82EC-1424472DC9E6}.Release|Any CPU.Build.0 = Release|Any CPU
		{EF5D3A3D-993A-4F90-9B26-44C394095667}.Debug|Any CPU.ActiveCfg = Debug|Any CPU
		{EF5D3A3D-993A-4F90-9B26-44C394095667}.Debug|Any CPU.Build.0 = Debug|Any CPU
		{EF5D3A3D-993A-4F90-9B26-44C394095667}.Release|Any CPU.ActiveCfg = Release|Any CPU
		{EF5D3A3D-993A-4F90-9B26-44C394095667}.Release|Any CPU.Build.0 = Release|Any CPU
		{FA091779-9E7D-4D03-B728-9B518B5CE296}.Debug|Any CPU.ActiveCfg = Debug|Any CPU
		{FA091779-9E7D-4D03-B728-9B518B5CE296}.Debug|Any CPU.Build.0 = Debug|Any CPU
		{FA091779-9E7D-4D03-B728-9B518B5CE296}.Release|Any CPU.ActiveCfg = Release|Any CPU
		{FA091779-9E7D-4D03-B728-9B518B5CE296}.Release|Any CPU.Build.0 = Release|Any CPU
		{0E3AECB9-6872-41A6-A794-EE4AE163EF68}.Debug|Any CPU.ActiveCfg = Debug|Any CPU
		{0E3AECB9-6872-41A6-A794-EE4AE163EF68}.Debug|Any CPU.Build.0 = Debug|Any CPU
		{0E3AECB9-6872-41A6-A794-EE4AE163EF68}.Release|Any CPU.ActiveCfg = Release|Any CPU
		{0E3AECB9-6872-41A6-A794-EE4AE163EF68}.Release|Any CPU.Build.0 = Release|Any CPU
		{F8C76DB8-367E-48A4-8510-C311EB6CBB89}.Debug|Any CPU.ActiveCfg = Debug|Any CPU
		{F8C76DB8-367E-48A4-8510-C311EB6CBB89}.Debug|Any CPU.Build.0 = Debug|Any CPU
		{F8C76DB8-367E-48A4-8510-C311EB6CBB89}.Release|Any CPU.ActiveCfg = Release|Any CPU
		{F8C76DB8-367E-48A4-8510-C311EB6CBB89}.Release|Any CPU.Build.0 = Release|Any CPU
		{67EC0E07-A778-477A-A8B3-C1D23D37131B}.Debug|Any CPU.ActiveCfg = Debug|Any CPU
		{67EC0E07-A778-477A-A8B3-C1D23D37131B}.Debug|Any CPU.Build.0 = Debug|Any CPU
		{67EC0E07-A778-477A-A8B3-C1D23D37131B}.Release|Any CPU.ActiveCfg = Release|Any CPU
		{67EC0E07-A778-477A-A8B3-C1D23D37131B}.Release|Any CPU.Build.0 = Release|Any CPU
	EndGlobalSection
	GlobalSection(SolutionProperties) = preSolution
		HideSolutionNode = FALSE
	EndGlobalSection
	GlobalSection(ExtensibilityGlobals) = postSolution
		SolutionGuid = {EC77500E-4260-45BE-A375-CB2CF7FB7579}
	EndGlobalSection
EndGlobal
